{
  "name": "hex-game",
  "version": "1.0.0",
  "lockfileVersion": 1,
  "requires": true,
  "dependencies": {
    "konva": {
      "version": "6.0.0",
      "resolved": "https://registry.npmjs.org/konva/-/konva-6.0.0.tgz",
      "integrity": "sha512-YTwmtz3KzbzdC0KDRHWLzuk0KXB4NUdaQqytrxacXE1C39V6wCk7Nnu0wgq+GdGbG6m8A1qiEU9TSJ19qdIzDw=="
    }
  }
}
